// !$*UTF8*$!
{
	archiveVersion = 1;
	classes = {
	};
	objectVersion = 56;
	objects = {

/* Begin PBXBuildFile section */
		2EBF445E2B294EBA002FAB92 /* LaunchScreen.swift in Sources */ = {isa = PBXBuildFile; fileRef = 2EBF445D2B294EBA002FAB92 /* LaunchScreen.swift */; };
		610D59CA2B27EAD1006362AD /* RecruitMate.swift in Sources */ = {isa = PBXBuildFile; fileRef = 610D59C42B27EAD1006362AD /* RecruitMate.swift */; };
		610D59CB2B27EAD1006362AD /* Recruitment.swift in Sources */ = {isa = PBXBuildFile; fileRef = 610D59C52B27EAD1006362AD /* Recruitment.swift */; };
		610D59CC2B27EAD1006362AD /* MateDetailView.swift in Sources */ = {isa = PBXBuildFile; fileRef = 610D59C62B27EAD1006362AD /* MateDetailView.swift */; };
		610D59CD2B27EAD1006362AD /* MyRunning.swift in Sources */ = {isa = PBXBuildFile; fileRef = 610D59C72B27EAD1006362AD /* MyRunning.swift */; };
		610D59CE2B27EAD1006362AD /* AddTrackView.swift in Sources */ = {isa = PBXBuildFile; fileRef = 610D59C82B27EAD1006362AD /* AddTrackView.swift */; };
		610D59CF2B27EAD1006362AD /* MateView.swift in Sources */ = {isa = PBXBuildFile; fileRef = 610D59C92B27EAD1006362AD /* MateView.swift */; };
		616C28062B24BE8F0029857B /* CustomDatePicker.swift in Sources */ = {isa = PBXBuildFile; fileRef = 616C27FD2B24BE8E0029857B /* CustomDatePicker.swift */; };
		616C28072B24BE8F0029857B /* CalendarHomeView.swift in Sources */ = {isa = PBXBuildFile; fileRef = 616C27FE2B24BE8E0029857B /* CalendarHomeView.swift */; };
		616C28082B24BE8F0029857B /* RunningChartView.swift in Sources */ = {isa = PBXBuildFile; fileRef = 616C27FF2B24BE8E0029857B /* RunningChartView.swift */; };
		616C28092B24BE8F0029857B /* KmChart.swift in Sources */ = {isa = PBXBuildFile; fileRef = 616C28002B24BE8E0029857B /* KmChart.swift */; };
		616C280A2B24BE8F0029857B /* MyProfileView.swift in Sources */ = {isa = PBXBuildFile; fileRef = 616C28012B24BE8E0029857B /* MyProfileView.swift */; };
		616C280B2B24BE8F0029857B /* ChartTabBarView.swift in Sources */ = {isa = PBXBuildFile; fileRef = 616C28022B24BE8E0029857B /* ChartTabBarView.swift */; };
		616C280C2B24BE8F0029857B /* DataValue.swift in Sources */ = {isa = PBXBuildFile; fileRef = 616C28032B24BE8E0029857B /* DataValue.swift */; };
		616C280D2B24BE8F0029857B /* SmallDatePicker.swift in Sources */ = {isa = PBXBuildFile; fileRef = 616C28042B24BE8E0029857B /* SmallDatePicker.swift */; };
		616C280E2B24BE8F0029857B /* Task.swift in Sources */ = {isa = PBXBuildFile; fileRef = 616C28052B24BE8E0029857B /* Task.swift */; };
		61D617C32B223F58008AC1BB /* TrackUsApp.swift in Sources */ = {isa = PBXBuildFile; fileRef = 61D617C22B223F58008AC1BB /* TrackUsApp.swift */; };
		61D617C52B223F58008AC1BB /* ContentView.swift in Sources */ = {isa = PBXBuildFile; fileRef = 61D617C42B223F58008AC1BB /* ContentView.swift */; };
		61D617C72B223F59008AC1BB /* Assets.xcassets in Resources */ = {isa = PBXBuildFile; fileRef = 61D617C62B223F59008AC1BB /* Assets.xcassets */; };
		61D617CA2B223F59008AC1BB /* Preview Assets.xcassets in Resources */ = {isa = PBXBuildFile; fileRef = 61D617C92B223F59008AC1BB /* Preview Assets.xcassets */; };
		61D617D12B224240008AC1BB /* MainView.swift in Sources */ = {isa = PBXBuildFile; fileRef = 61D617D02B224240008AC1BB /* MainView.swift */; };
		61D617D32B2243CC008AC1BB /* CommunityView.swift in Sources */ = {isa = PBXBuildFile; fileRef = 61D617D22B2243CC008AC1BB /* CommunityView.swift */; };
		61D617D72B224449008AC1BB /* MyPageView.swift in Sources */ = {isa = PBXBuildFile; fileRef = 61D617D62B224449008AC1BB /* MyPageView.swift */; };
		8227B18E2B234D6A00C5E4E6 /* AddPostView.swift in Sources */ = {isa = PBXBuildFile; fileRef = 8227B18D2B234D6A00C5E4E6 /* AddPostView.swift */; };
		8227B1902B2363DB00C5E4E6 /* View+Keyboard.swift in Sources */ = {isa = PBXBuildFile; fileRef = 8227B18F2B2363DB00C5E4E6 /* View+Keyboard.swift */; };
		8227B1922B236C6700C5E4E6 /* CommentCell.swift in Sources */ = {isa = PBXBuildFile; fileRef = 8227B1912B236C6700C5E4E6 /* CommentCell.swift */; };
		8227B1942B236EC300C5E4E6 /* CommentInput.swift in Sources */ = {isa = PBXBuildFile; fileRef = 8227B1932B236EC300C5E4E6 /* CommentInput.swift */; };
		8227B1962B237A1000C5E4E6 /* FloatingButton.swift in Sources */ = {isa = PBXBuildFile; fileRef = 8227B1952B237A1000C5E4E6 /* FloatingButton.swift */; };
		8227B19A2B2385B700C5E4E6 /* View+Border.swift in Sources */ = {isa = PBXBuildFile; fileRef = 8227B1992B2385B700C5E4E6 /* View+Border.swift */; };
		8241564C2B28305300DFA923 /* AddTrackPathView.swift in Sources */ = {isa = PBXBuildFile; fileRef = 8241564B2B28305300DFA923 /* AddTrackPathView.swift */; };
		8241564E2B28313000DFA923 /* TrackPathUIMapView.swift in Sources */ = {isa = PBXBuildFile; fileRef = 8241564D2B28313000DFA923 /* TrackPathUIMapView.swift */; };
		824156502B28330700DFA923 /* TUExerciseIndicator.swift in Sources */ = {isa = PBXBuildFile; fileRef = 8241564F2B28330700DFA923 /* TUExerciseIndicator.swift */; };
		827DB1142B2274BD00B298D3 /* Color+.swift in Sources */ = {isa = PBXBuildFile; fileRef = 827DB1132B2274BD00B298D3 /* Color+.swift */; };
		827DB1162B2278A200B298D3 /* TUText.swift in Sources */ = {isa = PBXBuildFile; fileRef = 827DB1152B2278A200B298D3 /* TUText.swift */; };
		827DB1182B227A1F00B298D3 /* Constants.swift in Sources */ = {isa = PBXBuildFile; fileRef = 827DB1172B227A1F00B298D3 /* Constants.swift */; };
		827DB11A2B227DA200B298D3 /* User.swift in Sources */ = {isa = PBXBuildFile; fileRef = 827DB1192B227DA200B298D3 /* User.swift */; };
		827DB11F2B227E0200B298D3 /* UserViewModel.swift in Sources */ = {isa = PBXBuildFile; fileRef = 827DB11E2B227E0200B298D3 /* UserViewModel.swift */; };
		828E6D6B2B281BE4000D7453 /* TrackViewModel.swift in Sources */ = {isa = PBXBuildFile; fileRef = 828E6D6A2B281BE4000D7453 /* TrackViewModel.swift */; };
		82962F962B23221900C7A54B /* TUButton.swift in Sources */ = {isa = PBXBuildFile; fileRef = 82962F952B23221900C7A54B /* TUButton.swift */; };
		82962F982B2329DE00C7A54B /* CommunityCard.swift in Sources */ = {isa = PBXBuildFile; fileRef = 82962F972B2329DE00C7A54B /* CommunityCard.swift */; };
		82962F9A2B234C2100C7A54B /* CommunityDetailView.swift in Sources */ = {isa = PBXBuildFile; fileRef = 82962F992B234C2100C7A54B /* CommunityDetailView.swift */; };
		82DF82C72B26F5C800D1DA12 /* TrackInfo.swift in Sources */ = {isa = PBXBuildFile; fileRef = 82DF82C62B26F5C800D1DA12 /* TrackInfo.swift */; };
		980FD6562B29360900181E03 /* RecruitmentList.swift in Sources */ = {isa = PBXBuildFile; fileRef = 980FD6552B29360900181E03 /* RecruitmentList.swift */; };
		9882F1BA2B2884B700366DE7 /* MapView.swift in Sources */ = {isa = PBXBuildFile; fileRef = 9882F1B92B2884B700366DE7 /* MapView.swift */; };
		9882F1BC2B28852600366DE7 /* MapViewModel.swift in Sources */ = {isa = PBXBuildFile; fileRef = 9882F1BB2B28852600366DE7 /* MapViewModel.swift */; };
		98A721082B26A3FD00E9C1AA /* TUFont.swift in Sources */ = {isa = PBXBuildFile; fileRef = 98A721072B26A3FD00E9C1AA /* TUFont.swift */; };
		98A7210B2B26A41400E9C1AA /* MateList.swift in Sources */ = {isa = PBXBuildFile; fileRef = 98A721092B26A41400E9C1AA /* MateList.swift */; };
		98A7210C2B26A41400E9C1AA /* MateList2.swift in Sources */ = {isa = PBXBuildFile; fileRef = 98A7210A2B26A41400E9C1AA /* MateList2.swift */; };
		9CB6239CC6F5BC0791D01EB9 /* Pods_TrackUs.framework in Frameworks */ = {isa = PBXBuildFile; fileRef = D70B92E9F3CC3D6400891B42 /* Pods_TrackUs.framework */; };
/* End PBXBuildFile section */

/* Begin PBXFileReference section */
		2EBF445D2B294EBA002FAB92 /* LaunchScreen.swift */ = {isa = PBXFileReference; lastKnownFileType = sourcecode.swift; path = LaunchScreen.swift; sourceTree = "<group>"; };
		610D59C42B27EAD1006362AD /* RecruitMate.swift */ = {isa = PBXFileReference; fileEncoding = 4; lastKnownFileType = sourcecode.swift; path = RecruitMate.swift; sourceTree = "<group>"; };
		610D59C52B27EAD1006362AD /* Recruitment.swift */ = {isa = PBXFileReference; fileEncoding = 4; lastKnownFileType = sourcecode.swift; path = Recruitment.swift; sourceTree = "<group>"; };
		610D59C62B27EAD1006362AD /* MateDetailView.swift */ = {isa = PBXFileReference; fileEncoding = 4; lastKnownFileType = sourcecode.swift; path = MateDetailView.swift; sourceTree = "<group>"; };
		610D59C72B27EAD1006362AD /* MyRunning.swift */ = {isa = PBXFileReference; fileEncoding = 4; lastKnownFileType = sourcecode.swift; path = MyRunning.swift; sourceTree = "<group>"; };
		610D59C82B27EAD1006362AD /* AddTrackView.swift */ = {isa = PBXFileReference; fileEncoding = 4; lastKnownFileType = sourcecode.swift; path = AddTrackView.swift; sourceTree = "<group>"; };
		610D59C92B27EAD1006362AD /* MateView.swift */ = {isa = PBXFileReference; fileEncoding = 4; lastKnownFileType = sourcecode.swift; path = MateView.swift; sourceTree = "<group>"; };
		616C27FD2B24BE8E0029857B /* CustomDatePicker.swift */ = {isa = PBXFileReference; fileEncoding = 4; lastKnownFileType = sourcecode.swift; path = CustomDatePicker.swift; sourceTree = "<group>"; };
		616C27FE2B24BE8E0029857B /* CalendarHomeView.swift */ = {isa = PBXFileReference; fileEncoding = 4; lastKnownFileType = sourcecode.swift; path = CalendarHomeView.swift; sourceTree = "<group>"; };
		616C27FF2B24BE8E0029857B /* RunningChartView.swift */ = {isa = PBXFileReference; fileEncoding = 4; lastKnownFileType = sourcecode.swift; path = RunningChartView.swift; sourceTree = "<group>"; };
		616C28002B24BE8E0029857B /* KmChart.swift */ = {isa = PBXFileReference; fileEncoding = 4; lastKnownFileType = sourcecode.swift; path = KmChart.swift; sourceTree = "<group>"; };
		616C28012B24BE8E0029857B /* MyProfileView.swift */ = {isa = PBXFileReference; fileEncoding = 4; lastKnownFileType = sourcecode.swift; path = MyProfileView.swift; sourceTree = "<group>"; };
		616C28022B24BE8E0029857B /* ChartTabBarView.swift */ = {isa = PBXFileReference; fileEncoding = 4; lastKnownFileType = sourcecode.swift; path = ChartTabBarView.swift; sourceTree = "<group>"; };
		616C28032B24BE8E0029857B /* DataValue.swift */ = {isa = PBXFileReference; fileEncoding = 4; lastKnownFileType = sourcecode.swift; path = DataValue.swift; sourceTree = "<group>"; };
		616C28042B24BE8E0029857B /* SmallDatePicker.swift */ = {isa = PBXFileReference; fileEncoding = 4; lastKnownFileType = sourcecode.swift; path = SmallDatePicker.swift; sourceTree = "<group>"; };
		616C28052B24BE8E0029857B /* Task.swift */ = {isa = PBXFileReference; fileEncoding = 4; lastKnownFileType = sourcecode.swift; path = Task.swift; sourceTree = "<group>"; };
		61D617BF2B223F58008AC1BB /* TrackUs.app */ = {isa = PBXFileReference; explicitFileType = wrapper.application; includeInIndex = 0; path = TrackUs.app; sourceTree = BUILT_PRODUCTS_DIR; };
		61D617C22B223F58008AC1BB /* TrackUsApp.swift */ = {isa = PBXFileReference; lastKnownFileType = sourcecode.swift; path = TrackUsApp.swift; sourceTree = "<group>"; };
		61D617C42B223F58008AC1BB /* ContentView.swift */ = {isa = PBXFileReference; lastKnownFileType = sourcecode.swift; path = ContentView.swift; sourceTree = "<group>"; };
		61D617C62B223F59008AC1BB /* Assets.xcassets */ = {isa = PBXFileReference; lastKnownFileType = folder.assetcatalog; path = Assets.xcassets; sourceTree = "<group>"; };
		61D617C92B223F59008AC1BB /* Preview Assets.xcassets */ = {isa = PBXFileReference; lastKnownFileType = folder.assetcatalog; path = "Preview Assets.xcassets"; sourceTree = "<group>"; };
		61D617D02B224240008AC1BB /* MainView.swift */ = {isa = PBXFileReference; lastKnownFileType = sourcecode.swift; path = MainView.swift; sourceTree = "<group>"; };
		61D617D22B2243CC008AC1BB /* CommunityView.swift */ = {isa = PBXFileReference; lastKnownFileType = sourcecode.swift; path = CommunityView.swift; sourceTree = "<group>"; };
		61D617D62B224449008AC1BB /* MyPageView.swift */ = {isa = PBXFileReference; lastKnownFileType = sourcecode.swift; path = MyPageView.swift; sourceTree = "<group>"; };
		62D54726AAB72A9AD387C20C /* Pods-TrackUs.debug.xcconfig */ = {isa = PBXFileReference; includeInIndex = 1; lastKnownFileType = text.xcconfig; name = "Pods-TrackUs.debug.xcconfig"; path = "Target Support Files/Pods-TrackUs/Pods-TrackUs.debug.xcconfig"; sourceTree = "<group>"; };
		8227B18D2B234D6A00C5E4E6 /* AddPostView.swift */ = {isa = PBXFileReference; lastKnownFileType = sourcecode.swift; path = AddPostView.swift; sourceTree = "<group>"; };
		8227B18F2B2363DB00C5E4E6 /* View+Keyboard.swift */ = {isa = PBXFileReference; lastKnownFileType = sourcecode.swift; path = "View+Keyboard.swift"; sourceTree = "<group>"; };
		8227B1912B236C6700C5E4E6 /* CommentCell.swift */ = {isa = PBXFileReference; lastKnownFileType = sourcecode.swift; path = CommentCell.swift; sourceTree = "<group>"; };
		8227B1932B236EC300C5E4E6 /* CommentInput.swift */ = {isa = PBXFileReference; lastKnownFileType = sourcecode.swift; path = CommentInput.swift; sourceTree = "<group>"; };
		8227B1952B237A1000C5E4E6 /* FloatingButton.swift */ = {isa = PBXFileReference; lastKnownFileType = sourcecode.swift; path = FloatingButton.swift; sourceTree = "<group>"; };
		8227B1992B2385B700C5E4E6 /* View+Border.swift */ = {isa = PBXFileReference; lastKnownFileType = sourcecode.swift; path = "View+Border.swift"; sourceTree = "<group>"; };
		8241564B2B28305300DFA923 /* AddTrackPathView.swift */ = {isa = PBXFileReference; lastKnownFileType = sourcecode.swift; path = AddTrackPathView.swift; sourceTree = "<group>"; };
		8241564D2B28313000DFA923 /* TrackPathUIMapView.swift */ = {isa = PBXFileReference; lastKnownFileType = sourcecode.swift; path = TrackPathUIMapView.swift; sourceTree = "<group>"; };
		8241564F2B28330700DFA923 /* TUExerciseIndicator.swift */ = {isa = PBXFileReference; lastKnownFileType = sourcecode.swift; path = TUExerciseIndicator.swift; sourceTree = "<group>"; };
		827DB1132B2274BD00B298D3 /* Color+.swift */ = {isa = PBXFileReference; lastKnownFileType = sourcecode.swift; path = "Color+.swift"; sourceTree = "<group>"; };
		827DB1152B2278A200B298D3 /* TUText.swift */ = {isa = PBXFileReference; lastKnownFileType = sourcecode.swift; path = TUText.swift; sourceTree = "<group>"; };
		827DB1172B227A1F00B298D3 /* Constants.swift */ = {isa = PBXFileReference; lastKnownFileType = sourcecode.swift; path = Constants.swift; sourceTree = "<group>"; };
		827DB1192B227DA200B298D3 /* User.swift */ = {isa = PBXFileReference; lastKnownFileType = sourcecode.swift; path = User.swift; sourceTree = "<group>"; };
		827DB11E2B227E0200B298D3 /* UserViewModel.swift */ = {isa = PBXFileReference; lastKnownFileType = sourcecode.swift; path = UserViewModel.swift; sourceTree = "<group>"; };
		828E6D6A2B281BE4000D7453 /* TrackViewModel.swift */ = {isa = PBXFileReference; lastKnownFileType = sourcecode.swift; path = TrackViewModel.swift; sourceTree = "<group>"; };
		82962F952B23221900C7A54B /* TUButton.swift */ = {isa = PBXFileReference; lastKnownFileType = sourcecode.swift; path = TUButton.swift; sourceTree = "<group>"; };
		82962F972B2329DE00C7A54B /* CommunityCard.swift */ = {isa = PBXFileReference; lastKnownFileType = sourcecode.swift; path = CommunityCard.swift; sourceTree = "<group>"; };
		82962F992B234C2100C7A54B /* CommunityDetailView.swift */ = {isa = PBXFileReference; lastKnownFileType = sourcecode.swift; path = CommunityDetailView.swift; sourceTree = "<group>"; };
		82DF82C62B26F5C800D1DA12 /* TrackInfo.swift */ = {isa = PBXFileReference; lastKnownFileType = sourcecode.swift; path = TrackInfo.swift; sourceTree = "<group>"; };
		980FD6552B29360900181E03 /* RecruitmentList.swift */ = {isa = PBXFileReference; lastKnownFileType = sourcecode.swift; path = RecruitmentList.swift; sourceTree = "<group>"; };
		9882F1B92B2884B700366DE7 /* MapView.swift */ = {isa = PBXFileReference; fileEncoding = 4; lastKnownFileType = sourcecode.swift; path = MapView.swift; sourceTree = "<group>"; };
		9882F1BB2B28852600366DE7 /* MapViewModel.swift */ = {isa = PBXFileReference; fileEncoding = 4; lastKnownFileType = sourcecode.swift; path = MapViewModel.swift; sourceTree = "<group>"; };
		98A721072B26A3FD00E9C1AA /* TUFont.swift */ = {isa = PBXFileReference; lastKnownFileType = sourcecode.swift; path = TUFont.swift; sourceTree = "<group>"; };
		98A721092B26A41400E9C1AA /* MateList.swift */ = {isa = PBXFileReference; fileEncoding = 4; lastKnownFileType = sourcecode.swift; path = MateList.swift; sourceTree = "<group>"; };
		98A7210A2B26A41400E9C1AA /* MateList2.swift */ = {isa = PBXFileReference; fileEncoding = 4; lastKnownFileType = sourcecode.swift; path = MateList2.swift; sourceTree = "<group>"; };
		C230DEA41EF1144C510D7664 /* Pods-TrackUs.release.xcconfig */ = {isa = PBXFileReference; includeInIndex = 1; lastKnownFileType = text.xcconfig; name = "Pods-TrackUs.release.xcconfig"; path = "Target Support Files/Pods-TrackUs/Pods-TrackUs.release.xcconfig"; sourceTree = "<group>"; };
		D70B92E9F3CC3D6400891B42 /* Pods_TrackUs.framework */ = {isa = PBXFileReference; explicitFileType = wrapper.framework; includeInIndex = 0; path = Pods_TrackUs.framework; sourceTree = BUILT_PRODUCTS_DIR; };
/* End PBXFileReference section */

/* Begin PBXFrameworksBuildPhase section */
		61D617BC2B223F58008AC1BB /* Frameworks */ = {
			isa = PBXFrameworksBuildPhase;
			buildActionMask = 2147483647;
			files = (
				9CB6239CC6F5BC0791D01EB9 /* Pods_TrackUs.framework in Frameworks */,
			);
			runOnlyForDeploymentPostprocessing = 0;
		};
/* End PBXFrameworksBuildPhase section */

/* Begin PBXGroup section */
		61D617B62B223F57008AC1BB = {
			isa = PBXGroup;
			children = (
				61D617C12B223F58008AC1BB /* TrackUs */,
				61D617C02B223F58008AC1BB /* Products */,
				EF1B2B5F358B0F567B43297D /* Pods */,
				E8DE86725EA8CAADEA346C3D /* Frameworks */,
			);
			sourceTree = "<group>";
		};
		61D617C02B223F58008AC1BB /* Products */ = {
			isa = PBXGroup;
			children = (
				61D617BF2B223F58008AC1BB /* TrackUs.app */,
			);
			name = Products;
			sourceTree = "<group>";
		};
		61D617C12B223F58008AC1BB /* TrackUs */ = {
			isa = PBXGroup;
			children = (
				827DB1102B22731200B298D3 /* Utilities */,
				827DB10B2B22727500B298D3 /* Sources */,
				827DB10F2B2272FC00B298D3 /* Resources */,
				61D617C22B223F58008AC1BB /* TrackUsApp.swift */,
				61D617C82B223F59008AC1BB /* Preview Content */,
			);
			path = TrackUs;
			sourceTree = "<group>";
		};
		61D617C82B223F59008AC1BB /* Preview Content */ = {
			isa = PBXGroup;
			children = (
				61D617C92B223F59008AC1BB /* Preview Assets.xcassets */,
			);
			path = "Preview Content";
			sourceTree = "<group>";
		};
		61D617D82B224953008AC1BB /* Main */ = {
			isa = PBXGroup;
			children = (
				2EBF445D2B294EBA002FAB92 /* LaunchScreen.swift */,
				9882F1B92B2884B700366DE7 /* MapView.swift */,
				61D617D02B224240008AC1BB /* MainView.swift */,
				98A721092B26A41400E9C1AA /* MateList.swift */,
				98A7210A2B26A41400E9C1AA /* MateList2.swift */,
			);
			path = Main;
			sourceTree = "<group>";
		};
		61D617D92B22495B008AC1BB /* Community */ = {
			isa = PBXGroup;
			children = (
				61D617D22B2243CC008AC1BB /* CommunityView.swift */,
				82962F972B2329DE00C7A54B /* CommunityCard.swift */,
				8227B18D2B234D6A00C5E4E6 /* AddPostView.swift */,
				8227B1912B236C6700C5E4E6 /* CommentCell.swift */,
				8227B1932B236EC300C5E4E6 /* CommentInput.swift */,
				82962F992B234C2100C7A54B /* CommunityDetailView.swift */,
			);
			path = Community;
			sourceTree = "<group>";
		};
		61D617DA2B224964008AC1BB /* Mate */ = {
			isa = PBXGroup;
			children = (
				610D59C82B27EAD1006362AD /* AddTrackView.swift */,
				610D59C62B27EAD1006362AD /* MateDetailView.swift */,
				610D59C92B27EAD1006362AD /* MateView.swift */,
				610D59C72B27EAD1006362AD /* MyRunning.swift */,
				610D59C42B27EAD1006362AD /* RecruitMate.swift */,
				610D59C52B27EAD1006362AD /* Recruitment.swift */,
				8241564B2B28305300DFA923 /* AddTrackPathView.swift */,
			);
			path = Mate;
			sourceTree = "<group>";
		};
		61D617DB2B22496A008AC1BB /* MyPage */ = {
			isa = PBXGroup;
			children = (
				61D617D62B224449008AC1BB /* MyPageView.swift */,
				616C27FE2B24BE8E0029857B /* CalendarHomeView.swift */,
				616C28022B24BE8E0029857B /* ChartTabBarView.swift */,
				616C27FD2B24BE8E0029857B /* CustomDatePicker.swift */,
				616C28032B24BE8E0029857B /* DataValue.swift */,
				616C28002B24BE8E0029857B /* KmChart.swift */,
				616C28012B24BE8E0029857B /* MyProfileView.swift */,
				616C27FF2B24BE8E0029857B /* RunningChartView.swift */,
				616C28042B24BE8E0029857B /* SmallDatePicker.swift */,
				616C28052B24BE8E0029857B /* Task.swift */,
			);
			path = MyPage;
			sourceTree = "<group>";
		};
		826B2C672B25FFB000F014F9 /* Main */ = {
			isa = PBXGroup;
			children = (
				61D617C42B223F58008AC1BB /* ContentView.swift */,
			);
			path = Main;
			sourceTree = "<group>";
		};
		827DB10B2B22727500B298D3 /* Sources */ = {
			isa = PBXGroup;
			children = (
				826B2C672B25FFB000F014F9 /* Main */,
				827DB10E2B2272B600B298D3 /* Models */,
				827DB10D2B2272AE00B298D3 /* ViewModels */,
				827DB10C2B2272A800B298D3 /* Views */,
			);
			path = Sources;
			sourceTree = "<group>";
		};
		827DB10C2B2272A800B298D3 /* Views */ = {
			isa = PBXGroup;
			children = (
				61D617D82B224953008AC1BB /* Main */,
				61D617DA2B224964008AC1BB /* Mate */,
				61D617D92B22495B008AC1BB /* Community */,
				61D617DB2B22496A008AC1BB /* MyPage */,
			);
			path = Views;
			sourceTree = "<group>";
		};
		827DB10D2B2272AE00B298D3 /* ViewModels */ = {
			isa = PBXGroup;
			children = (
				82DF82C32B26F59100D1DA12 /* Track */,
				827DB11D2B227DF100B298D3 /* Authentication */,
			);
			path = ViewModels;
			sourceTree = "<group>";
		};
		827DB10E2B2272B600B298D3 /* Models */ = {
			isa = PBXGroup;
			children = (
				827DB1192B227DA200B298D3 /* User.swift */,
				82DF82C62B26F5C800D1DA12 /* TrackInfo.swift */,
			);
			path = Models;
			sourceTree = "<group>";
		};
		827DB10F2B2272FC00B298D3 /* Resources */ = {
			isa = PBXGroup;
			children = (
				61D617C62B223F59008AC1BB /* Assets.xcassets */,
			);
			path = Resources;
			sourceTree = "<group>";
		};
		827DB1102B22731200B298D3 /* Utilities */ = {
			isa = PBXGroup;
			children = (
				827DB1122B2273EE00B298D3 /* Extensions */,
				827DB1112B2273E000B298D3 /* Components */,
				827DB1172B227A1F00B298D3 /* Constants.swift */,
			);
			path = Utilities;
			sourceTree = "<group>";
		};
		827DB1112B2273E000B298D3 /* Components */ = {
			isa = PBXGroup;
			children = (
				8227B1952B237A1000C5E4E6 /* FloatingButton.swift */,
				8241564D2B28313000DFA923 /* TrackPathUIMapView.swift */,
				827DB1152B2278A200B298D3 /* TUText.swift */,
				82962F952B23221900C7A54B /* TUButton.swift */,
				98A721072B26A3FD00E9C1AA /* TUFont.swift */,
				8241564F2B28330700DFA923 /* TUExerciseIndicator.swift */,
				980FD6552B29360900181E03 /* RecruitmentList.swift */,
			);
			path = Components;
			sourceTree = "<group>";
		};
		827DB1122B2273EE00B298D3 /* Extensions */ = {
			isa = PBXGroup;
			children = (
				827DB1132B2274BD00B298D3 /* Color+.swift */,
				8227B18F2B2363DB00C5E4E6 /* View+Keyboard.swift */,
				8227B1992B2385B700C5E4E6 /* View+Border.swift */,
			);
			path = Extensions;
			sourceTree = "<group>";
		};
		827DB11D2B227DF100B298D3 /* Authentication */ = {
			isa = PBXGroup;
			children = (
				9882F1BB2B28852600366DE7 /* MapViewModel.swift */,
				827DB11E2B227E0200B298D3 /* UserViewModel.swift */,
			);
			path = Authentication;
			sourceTree = "<group>";
		};
		82DF82C32B26F59100D1DA12 /* Track */ = {
			isa = PBXGroup;
			children = (
				828E6D6A2B281BE4000D7453 /* TrackViewModel.swift */,
			);
			path = Track;
			sourceTree = "<group>";
		};
		E8DE86725EA8CAADEA346C3D /* Frameworks */ = {
			isa = PBXGroup;
			children = (
				D70B92E9F3CC3D6400891B42 /* Pods_TrackUs.framework */,
			);
			name = Frameworks;
			sourceTree = "<group>";
		};
		EF1B2B5F358B0F567B43297D /* Pods */ = {
			isa = PBXGroup;
			children = (
				62D54726AAB72A9AD387C20C /* Pods-TrackUs.debug.xcconfig */,
				C230DEA41EF1144C510D7664 /* Pods-TrackUs.release.xcconfig */,
			);
			path = Pods;
			sourceTree = "<group>";
		};
/* End PBXGroup section */

/* Begin PBXNativeTarget section */
		61D617BE2B223F58008AC1BB /* TrackUs */ = {
			isa = PBXNativeTarget;
			buildConfigurationList = 61D617CD2B223F59008AC1BB /* Build configuration list for PBXNativeTarget "TrackUs" */;
			buildPhases = (
				B95647D738EF2084D0CB2F6F /* [CP] Check Pods Manifest.lock */,
				61D617BB2B223F58008AC1BB /* Sources */,
				61D617BC2B223F58008AC1BB /* Frameworks */,
				61D617BD2B223F58008AC1BB /* Resources */,
				209CE716CE4826B52A7F1DF1 /* [CP] Embed Pods Frameworks */,
			);
			buildRules = (
			);
			dependencies = (
			);
			name = TrackUs;
			productName = TrackUs;
			productReference = 61D617BF2B223F58008AC1BB /* TrackUs.app */;
			productType = "com.apple.product-type.application";
		};
/* End PBXNativeTarget section */

/* Begin PBXProject section */
		61D617B72B223F57008AC1BB /* Project object */ = {
			isa = PBXProject;
			attributes = {
				BuildIndependentTargetsInParallel = 1;
				LastSwiftUpdateCheck = 1500;
				LastUpgradeCheck = 1500;
				TargetAttributes = {
					61D617BE2B223F58008AC1BB = {
						CreatedOnToolsVersion = 15.0;
					};
				};
			};
			buildConfigurationList = 61D617BA2B223F57008AC1BB /* Build configuration list for PBXProject "TrackUs" */;
			compatibilityVersion = "Xcode 14.0";
			developmentRegion = en;
			hasScannedForEncodings = 0;
			knownRegions = (
				en,
				Base,
			);
			mainGroup = 61D617B62B223F57008AC1BB;
			productRefGroup = 61D617C02B223F58008AC1BB /* Products */;
			projectDirPath = "";
			projectRoot = "";
			targets = (
				61D617BE2B223F58008AC1BB /* TrackUs */,
			);
		};
/* End PBXProject section */

/* Begin PBXResourcesBuildPhase section */
		61D617BD2B223F58008AC1BB /* Resources */ = {
			isa = PBXResourcesBuildPhase;
			buildActionMask = 2147483647;
			files = (
				61D617CA2B223F59008AC1BB /* Preview Assets.xcassets in Resources */,
				61D617C72B223F59008AC1BB /* Assets.xcassets in Resources */,
			);
			runOnlyForDeploymentPostprocessing = 0;
		};
/* End PBXResourcesBuildPhase section */

/* Begin PBXShellScriptBuildPhase section */
		209CE716CE4826B52A7F1DF1 /* [CP] Embed Pods Frameworks */ = {
			isa = PBXShellScriptBuildPhase;
			buildActionMask = 2147483647;
			files = (
			);
			inputFileListPaths = (
				"${PODS_ROOT}/Target Support Files/Pods-TrackUs/Pods-TrackUs-frameworks-${CONFIGURATION}-input-files.xcfilelist",
			);
			name = "[CP] Embed Pods Frameworks";
			outputFileListPaths = (
				"${PODS_ROOT}/Target Support Files/Pods-TrackUs/Pods-TrackUs-frameworks-${CONFIGURATION}-output-files.xcfilelist",
			);
			runOnlyForDeploymentPostprocessing = 0;
			shellPath = /bin/sh;
			shellScript = "\"${PODS_ROOT}/Target Support Files/Pods-TrackUs/Pods-TrackUs-frameworks.sh\"\n";
			showEnvVarsInLog = 0;
		};
		B95647D738EF2084D0CB2F6F /* [CP] Check Pods Manifest.lock */ = {
			isa = PBXShellScriptBuildPhase;
			buildActionMask = 2147483647;
			files = (
			);
			inputFileListPaths = (
			);
			inputPaths = (
				"${PODS_PODFILE_DIR_PATH}/Podfile.lock",
				"${PODS_ROOT}/Manifest.lock",
			);
			name = "[CP] Check Pods Manifest.lock";
			outputFileListPaths = (
			);
			outputPaths = (
				"$(DERIVED_FILE_DIR)/Pods-TrackUs-checkManifestLockResult.txt",
			);
			runOnlyForDeploymentPostprocessing = 0;
			shellPath = /bin/sh;
			shellScript = "diff \"${PODS_PODFILE_DIR_PATH}/Podfile.lock\" \"${PODS_ROOT}/Manifest.lock\" > /dev/null\nif [ $? != 0 ] ; then\n    # print error to STDERR\n    echo \"error: The sandbox is not in sync with the Podfile.lock. Run 'pod install' or update your CocoaPods installation.\" >&2\n    exit 1\nfi\n# This output is used by Xcode 'outputs' to avoid re-running this script phase.\necho \"SUCCESS\" > \"${SCRIPT_OUTPUT_FILE_0}\"\n";
			showEnvVarsInLog = 0;
		};
/* End PBXShellScriptBuildPhase section */

/* Begin PBXSourcesBuildPhase section */
		61D617BB2B223F58008AC1BB /* Sources */ = {
			isa = PBXSourcesBuildPhase;
			buildActionMask = 2147483647;
			files = (
				610D59CC2B27EAD1006362AD /* MateDetailView.swift in Sources */,
				616C280E2B24BE8F0029857B /* Task.swift in Sources */,
				824156502B28330700DFA923 /* TUExerciseIndicator.swift in Sources */,
				82962F982B2329DE00C7A54B /* CommunityCard.swift in Sources */,
				610D59CE2B27EAD1006362AD /* AddTrackView.swift in Sources */,
				616C280B2B24BE8F0029857B /* ChartTabBarView.swift in Sources */,
				616C280C2B24BE8F0029857B /* DataValue.swift in Sources */,
				827DB1142B2274BD00B298D3 /* Color+.swift in Sources */,
				610D59CB2B27EAD1006362AD /* Recruitment.swift in Sources */,
				827DB11F2B227E0200B298D3 /* UserViewModel.swift in Sources */,
				61D617C52B223F58008AC1BB /* ContentView.swift in Sources */,
				8227B1962B237A1000C5E4E6 /* FloatingButton.swift in Sources */,
				2EBF445E2B294EBA002FAB92 /* LaunchScreen.swift in Sources */,
				616C280A2B24BE8F0029857B /* MyProfileView.swift in Sources */,
				98A7210B2B26A41400E9C1AA /* MateList.swift in Sources */,
				616C28062B24BE8F0029857B /* CustomDatePicker.swift in Sources */,
				610D59CF2B27EAD1006362AD /* MateView.swift in Sources */,
				828E6D6B2B281BE4000D7453 /* TrackViewModel.swift in Sources */,
				8227B18E2B234D6A00C5E4E6 /* AddPostView.swift in Sources */,
				98A721082B26A3FD00E9C1AA /* TUFont.swift in Sources */,
				616C28072B24BE8F0029857B /* CalendarHomeView.swift in Sources */,
				8227B1902B2363DB00C5E4E6 /* View+Keyboard.swift in Sources */,
				616C28082B24BE8F0029857B /* RunningChartView.swift in Sources */,
				616C28092B24BE8F0029857B /* KmChart.swift in Sources */,
				610D59CA2B27EAD1006362AD /* RecruitMate.swift in Sources */,
				61D617D12B224240008AC1BB /* MainView.swift in Sources */,
				980FD6562B29360900181E03 /* RecruitmentList.swift in Sources */,
				9882F1BA2B2884B700366DE7 /* MapView.swift in Sources */,
				8227B19A2B2385B700C5E4E6 /* View+Border.swift in Sources */,
				616C280D2B24BE8F0029857B /* SmallDatePicker.swift in Sources */,
				82DF82C72B26F5C800D1DA12 /* TrackInfo.swift in Sources */,
				61D617D32B2243CC008AC1BB /* CommunityView.swift in Sources */,
				610D59CD2B27EAD1006362AD /* MyRunning.swift in Sources */,
				8227B1922B236C6700C5E4E6 /* CommentCell.swift in Sources */,
				8227B1942B236EC300C5E4E6 /* CommentInput.swift in Sources */,
				8241564E2B28313000DFA923 /* TrackPathUIMapView.swift in Sources */,
				8241564C2B28305300DFA923 /* AddTrackPathView.swift in Sources */,
				82962F9A2B234C2100C7A54B /* CommunityDetailView.swift in Sources */,
				82962F962B23221900C7A54B /* TUButton.swift in Sources */,
				827DB1162B2278A200B298D3 /* TUText.swift in Sources */,
				61D617C32B223F58008AC1BB /* TrackUsApp.swift in Sources */,
				9882F1BC2B28852600366DE7 /* MapViewModel.swift in Sources */,
				61D617D72B224449008AC1BB /* MyPageView.swift in Sources */,
				827DB11A2B227DA200B298D3 /* User.swift in Sources */,
				827DB1182B227A1F00B298D3 /* Constants.swift in Sources */,
				98A7210C2B26A41400E9C1AA /* MateList2.swift in Sources */,
			);
			runOnlyForDeploymentPostprocessing = 0;
		};
/* End PBXSourcesBuildPhase section */

/* Begin XCBuildConfiguration section */
		61D617CB2B223F59008AC1BB /* Debug */ = {
			isa = XCBuildConfiguration;
			buildSettings = {
				ALWAYS_SEARCH_USER_PATHS = NO;
				ASSETCATALOG_COMPILER_GENERATE_SWIFT_ASSET_SYMBOL_EXTENSIONS = YES;
				CLANG_ANALYZER_NONNULL = YES;
				CLANG_ANALYZER_NUMBER_OBJECT_CONVERSION = YES_AGGRESSIVE;
				CLANG_CXX_LANGUAGE_STANDARD = "gnu++20";
				CLANG_ENABLE_MODULES = YES;
				CLANG_ENABLE_OBJC_ARC = YES;
				CLANG_ENABLE_OBJC_WEAK = YES;
				CLANG_WARN_BLOCK_CAPTURE_AUTORELEASING = YES;
				CLANG_WARN_BOOL_CONVERSION = YES;
				CLANG_WARN_COMMA = YES;
				CLANG_WARN_CONSTANT_CONVERSION = YES;
				CLANG_WARN_DEPRECATED_OBJC_IMPLEMENTATIONS = YES;
				CLANG_WARN_DIRECT_OBJC_ISA_USAGE = YES_ERROR;
				CLANG_WARN_DOCUMENTATION_COMMENTS = YES;
				CLANG_WARN_EMPTY_BODY = YES;
				CLANG_WARN_ENUM_CONVERSION = YES;
				CLANG_WARN_INFINITE_RECURSION = YES;
				CLANG_WARN_INT_CONVERSION = YES;
				CLANG_WARN_NON_LITERAL_NULL_CONVERSION = YES;
				CLANG_WARN_OBJC_IMPLICIT_RETAIN_SELF = YES;
				CLANG_WARN_OBJC_LITERAL_CONVERSION = YES;
				CLANG_WARN_OBJC_ROOT_CLASS = YES_ERROR;
				CLANG_WARN_QUOTED_INCLUDE_IN_FRAMEWORK_HEADER = YES;
				CLANG_WARN_RANGE_LOOP_ANALYSIS = YES;
				CLANG_WARN_STRICT_PROTOTYPES = YES;
				CLANG_WARN_SUSPICIOUS_MOVE = YES;
				CLANG_WARN_UNGUARDED_AVAILABILITY = YES_AGGRESSIVE;
				CLANG_WARN_UNREACHABLE_CODE = YES;
				CLANG_WARN__DUPLICATE_METHOD_MATCH = YES;
				COPY_PHASE_STRIP = NO;
				DEBUG_INFORMATION_FORMAT = dwarf;
				ENABLE_STRICT_OBJC_MSGSEND = YES;
				ENABLE_TESTABILITY = YES;
				ENABLE_USER_SCRIPT_SANDBOXING = NO;
				GCC_C_LANGUAGE_STANDARD = gnu17;
				GCC_DYNAMIC_NO_PIC = NO;
				GCC_NO_COMMON_BLOCKS = YES;
				GCC_OPTIMIZATION_LEVEL = 0;
				GCC_PREPROCESSOR_DEFINITIONS = (
					"DEBUG=1",
					"$(inherited)",
				);
				GCC_WARN_64_TO_32_BIT_CONVERSION = YES;
				GCC_WARN_ABOUT_RETURN_TYPE = YES_ERROR;
				GCC_WARN_UNDECLARED_SELECTOR = YES;
				GCC_WARN_UNINITIALIZED_AUTOS = YES_AGGRESSIVE;
				GCC_WARN_UNUSED_FUNCTION = YES;
				GCC_WARN_UNUSED_VARIABLE = YES;
				IPHONEOS_DEPLOYMENT_TARGET = 17.0;
				LOCALIZATION_PREFERS_STRING_CATALOGS = YES;
				MTL_ENABLE_DEBUG_INFO = INCLUDE_SOURCE;
				MTL_FAST_MATH = YES;
				ONLY_ACTIVE_ARCH = YES;
				SDKROOT = iphoneos;
				SWIFT_ACTIVE_COMPILATION_CONDITIONS = "DEBUG $(inherited)";
				SWIFT_OPTIMIZATION_LEVEL = "-Onone";
			};
			name = Debug;
		};
		61D617CC2B223F59008AC1BB /* Release */ = {
			isa = XCBuildConfiguration;
			buildSettings = {
				ALWAYS_SEARCH_USER_PATHS = NO;
				ASSETCATALOG_COMPILER_GENERATE_SWIFT_ASSET_SYMBOL_EXTENSIONS = YES;
				CLANG_ANALYZER_NONNULL = YES;
				CLANG_ANALYZER_NUMBER_OBJECT_CONVERSION = YES_AGGRESSIVE;
				CLANG_CXX_LANGUAGE_STANDARD = "gnu++20";
				CLANG_ENABLE_MODULES = YES;
				CLANG_ENABLE_OBJC_ARC = YES;
				CLANG_ENABLE_OBJC_WEAK = YES;
				CLANG_WARN_BLOCK_CAPTURE_AUTORELEASING = YES;
				CLANG_WARN_BOOL_CONVERSION = YES;
				CLANG_WARN_COMMA = YES;
				CLANG_WARN_CONSTANT_CONVERSION = YES;
				CLANG_WARN_DEPRECATED_OBJC_IMPLEMENTATIONS = YES;
				CLANG_WARN_DIRECT_OBJC_ISA_USAGE = YES_ERROR;
				CLANG_WARN_DOCUMENTATION_COMMENTS = YES;
				CLANG_WARN_EMPTY_BODY = YES;
				CLANG_WARN_ENUM_CONVERSION = YES;
				CLANG_WARN_INFINITE_RECURSION = YES;
				CLANG_WARN_INT_CONVERSION = YES;
				CLANG_WARN_NON_LITERAL_NULL_CONVERSION = YES;
				CLANG_WARN_OBJC_IMPLICIT_RETAIN_SELF = YES;
				CLANG_WARN_OBJC_LITERAL_CONVERSION = YES;
				CLANG_WARN_OBJC_ROOT_CLASS = YES_ERROR;
				CLANG_WARN_QUOTED_INCLUDE_IN_FRAMEWORK_HEADER = YES;
				CLANG_WARN_RANGE_LOOP_ANALYSIS = YES;
				CLANG_WARN_STRICT_PROTOTYPES = YES;
				CLANG_WARN_SUSPICIOUS_MOVE = YES;
				CLANG_WARN_UNGUARDED_AVAILABILITY = YES_AGGRESSIVE;
				CLANG_WARN_UNREACHABLE_CODE = YES;
				CLANG_WARN__DUPLICATE_METHOD_MATCH = YES;
				COPY_PHASE_STRIP = NO;
				DEBUG_INFORMATION_FORMAT = "dwarf-with-dsym";
				ENABLE_NS_ASSERTIONS = NO;
				ENABLE_STRICT_OBJC_MSGSEND = YES;
				ENABLE_USER_SCRIPT_SANDBOXING = NO;
				GCC_C_LANGUAGE_STANDARD = gnu17;
				GCC_NO_COMMON_BLOCKS = YES;
				GCC_WARN_64_TO_32_BIT_CONVERSION = YES;
				GCC_WARN_ABOUT_RETURN_TYPE = YES_ERROR;
				GCC_WARN_UNDECLARED_SELECTOR = YES;
				GCC_WARN_UNINITIALIZED_AUTOS = YES_AGGRESSIVE;
				GCC_WARN_UNUSED_FUNCTION = YES;
				GCC_WARN_UNUSED_VARIABLE = YES;
				IPHONEOS_DEPLOYMENT_TARGET = 17.0;
				LOCALIZATION_PREFERS_STRING_CATALOGS = YES;
				MTL_ENABLE_DEBUG_INFO = NO;
				MTL_FAST_MATH = YES;
				SDKROOT = iphoneos;
				SWIFT_COMPILATION_MODE = wholemodule;
				VALIDATE_PRODUCT = YES;
			};
			name = Release;
		};
		61D617CE2B223F59008AC1BB /* Debug */ = {
			isa = XCBuildConfiguration;
			baseConfigurationReference = 62D54726AAB72A9AD387C20C /* Pods-TrackUs.debug.xcconfig */;
			buildSettings = {
				ASSETCATALOG_COMPILER_APPICON_NAME = AppIcon;
				ASSETCATALOG_COMPILER_GLOBAL_ACCENT_COLOR_NAME = AccentColor;
				CODE_SIGN_IDENTITY = "Apple Development";
				CODE_SIGN_STYLE = Automatic;
				CURRENT_PROJECT_VERSION = 1;
				DEVELOPMENT_ASSET_PATHS = "\"TrackUs/Preview Content\"";
				DEVELOPMENT_TEAM = SQDR264Q5Q;
				ENABLE_PREVIEWS = YES;
				GENERATE_INFOPLIST_FILE = YES;
				INFOPLIST_FILE = TrackUs/Info.plist;
				INFOPLIST_KEY_NSLocationWhenInUseUsageDescription = "해당 앱은 플레이스 정보 및 사용자의 현위치 정보를 사용하기 위해 권한이 필요합니다.";
				INFOPLIST_KEY_UIApplicationSceneManifest_Generation = YES;
				INFOPLIST_KEY_UIApplicationSupportsIndirectInputEvents = YES;
				INFOPLIST_KEY_UISupportedInterfaceOrientations_iPad = "UIInterfaceOrientationPortrait UIInterfaceOrientationPortraitUpsideDown UIInterfaceOrientationLandscapeLeft UIInterfaceOrientationLandscapeRight";
				INFOPLIST_KEY_UISupportedInterfaceOrientations_iPhone = "UIInterfaceOrientationPortrait UIInterfaceOrientationLandscapeLeft UIInterfaceOrientationLandscapeRight";
				IPHONEOS_DEPLOYMENT_TARGET = 16.0;
				LD_RUNPATH_SEARCH_PATHS = (
					"$(inherited)",
					"@executable_path/Frameworks",
				);
				MARKETING_VERSION = 1.0;
				PRODUCT_BUNDLE_IDENTIFIER = com.ios33.TrackUs;
				PRODUCT_NAME = "$(TARGET_NAME)";
				PROVISIONING_PROFILE_SPECIFIER = "";
				SWIFT_EMIT_LOC_STRINGS = YES;
				SWIFT_VERSION = 5.0;
				TARGETED_DEVICE_FAMILY = "1,2";
			};
			name = Debug;
		};
		61D617CF2B223F59008AC1BB /* Release */ = {
			isa = XCBuildConfiguration;
			baseConfigurationReference = C230DEA41EF1144C510D7664 /* Pods-TrackUs.release.xcconfig */;
			buildSettings = {
				ASSETCATALOG_COMPILER_APPICON_NAME = AppIcon;
				ASSETCATALOG_COMPILER_GLOBAL_ACCENT_COLOR_NAME = AccentColor;
				CODE_SIGN_IDENTITY = "Apple Development";
				CODE_SIGN_STYLE = Automatic;
				CURRENT_PROJECT_VERSION = 1;
				DEVELOPMENT_ASSET_PATHS = "\"TrackUs/Preview Content\"";
				DEVELOPMENT_TEAM = SQDR264Q5Q;
				ENABLE_PREVIEWS = YES;
				GENERATE_INFOPLIST_FILE = YES;
				INFOPLIST_FILE = TrackUs/Info.plist;
				INFOPLIST_KEY_NSLocationWhenInUseUsageDescription = "해당 앱은 플레이스 정보 및 사용자의 현위치 정보를 사용하기 위해 권한이 필요합니다.";
				INFOPLIST_KEY_UIApplicationSceneManifest_Generation = YES;
				INFOPLIST_KEY_UIApplicationSupportsIndirectInputEvents = YES;
				INFOPLIST_KEY_UISupportedInterfaceOrientations_iPad = "UIInterfaceOrientationPortrait UIInterfaceOrientationPortraitUpsideDown UIInterfaceOrientationLandscapeLeft UIInterfaceOrientationLandscapeRight";
				INFOPLIST_KEY_UISupportedInterfaceOrientations_iPhone = "UIInterfaceOrientationPortrait UIInterfaceOrientationLandscapeLeft UIInterfaceOrientationLandscapeRight";
				IPHONEOS_DEPLOYMENT_TARGET = 16.0;
				LD_RUNPATH_SEARCH_PATHS = (
					"$(inherited)",
					"@executable_path/Frameworks",
				);
				MARKETING_VERSION = 1.0;
				PRODUCT_BUNDLE_IDENTIFIER = com.ios33.TrackUs;
				PRODUCT_NAME = "$(TARGET_NAME)";
				PROVISIONING_PROFILE_SPECIFIER = "";
				SWIFT_EMIT_LOC_STRINGS = YES;
				SWIFT_VERSION = 5.0;
				TARGETED_DEVICE_FAMILY = "1,2";
			};
			name = Release;
		};
/* End XCBuildConfiguration section */

/* Begin XCConfigurationList section */
		61D617BA2B223F57008AC1BB /* Build configuration list for PBXProject "TrackUs" */ = {
			isa = XCConfigurationList;
			buildConfigurations = (
				61D617CB2B223F59008AC1BB /* Debug */,
				61D617CC2B223F59008AC1BB /* Release */,
			);
			defaultConfigurationIsVisible = 0;
			defaultConfigurationName = Release;
		};
		61D617CD2B223F59008AC1BB /* Build configuration list for PBXNativeTarget "TrackUs" */ = {
			isa = XCConfigurationList;
			buildConfigurations = (
				61D617CE2B223F59008AC1BB /* Debug */,
				61D617CF2B223F59008AC1BB /* Release */,
			);
			defaultConfigurationIsVisible = 0;
			defaultConfigurationName = Release;
		};
/* End XCConfigurationList section */
	};
	rootObject = 61D617B72B223F57008AC1BB /* Project object */;
}
